
Microsoft Visual Studio Solution File, Format Version 12.00
Project("{FAE04EC0-301F-11D3-BF4B-00C04F79EFBC}") = "RestaurantReservation", "RestaurantReservation\RestaurantReservation.csproj", "{6F0F0636-C21C-45EC-B24F-E4AE15FBD524}"
EndProject
Project("{FAE04EC0-301F-11D3-BF4B-00C04F79EFBC}") = "RestaurantReservation.Db", "RestaurantReservation.Db\RestaurantReservation.Db.csproj", "{FBFC6315-59E5-45C7-9504-70F9B2AE5BDE}"
EndProject
Global
	GlobalSection(SolutionConfigurationPlatforms) = preSolution
		Debug|Any CPU = Debug|Any CPU
		Release|Any CPU = Release|Any CPU
	EndGlobalSection
	GlobalSection(ProjectConfigurationPlatforms) = postSolution
		{6F0F0636-C21C-45EC-B24F-E4AE15FBD524}.Debug|Any CPU.ActiveCfg = Debug|Any CPU
		{6F0F0636-C21C-45EC-B24F-E4AE15FBD524}.Debug|Any CPU.Build.0 = Debug|Any CPU
		{6F0F0636-C21C-45EC-B24F-E4AE15FBD524}.Release|Any CPU.ActiveCfg = Release|Any CPU
		{6F0F0636-C21C-45EC-B24F-E4AE15FBD524}.Release|Any CPU.Build.0 = Release|Any CPU
		{FBFC6315-59E5-45C7-9504-70F9B2AE5BDE}.Debug|Any CPU.ActiveCfg = Debug|Any CPU
		{FBFC6315-59E5-45C7-9504-70F9B2AE5BDE}.Debug|Any CPU.Build.0 = Debug|Any CPU
		{FBFC6315-59E5-45C7-9504-70F9B2AE5BDE}.Release|Any CPU.ActiveCfg = Release|Any CPU
		{FBFC6315-59E5-45C7-9504-70F9B2AE5BDE}.Release|Any CPU.Build.0 = Release|Any CPU
	EndGlobalSection
EndGlobal
